
Microsoft Visual Studio Solution File, Format Version 12.00
# Visual Studio 15
VisualStudioVersion = 15.0.28307.852
MinimumVisualStudioVersion = 10.0.40219.1
Project("{888888A0-9F3D-457C-B088-3A5042F75D52}") = "MySite", "MySite\MySite.pyproj", "{757E44DE-A9D3-4594-A5DE-36F1D853DA44}"
EndProject
Global
	GlobalSection(SolutionConfigurationPlatforms) = preSolution
		Debug|Any CPU = Debug|Any CPU
		Release|Any CPU = Release|Any CPU
	EndGlobalSection
	GlobalSection(ProjectConfigurationPlatforms) = postSolution
		{757E44DE-A9D3-4594-A5DE-36F1D853DA44}.Debug|Any CPU.ActiveCfg = Debug|Any CPU
		{757E44DE-A9D3-4594-A5DE-36F1D853DA44}.Debug|Any CPU.Build.0 = Debug|Any CPU
		{757E44DE-A9D3-4594-A5DE-36F1D853DA44}.Release|Any CPU.ActiveCfg = Release|Any CPU
		{757E44DE-A9D3-4594-A5DE-36F1D853DA44}.Release|Any CPU.Build.0 = Release|Any CPU
	EndGlobalSection
	GlobalSection(SolutionProperties) = preSolution
		HideSolutionNode = FALSE
	EndGlobalSection
	GlobalSection(ExtensibilityGlobals) = postSolution
		SolutionGuid = {5FF8ED6D-213A-424F-A976-869602349DF0}
	EndGlobalSection
EndGlobal
